
Microsoft Visual Studio Solution File, Format Version 12.00
# Visual Studio Version 16
VisualStudioVersion = 16.0.31624.102
MinimumVisualStudioVersion = 10.0.40219.1
Project("{888888A0-9F3D-457C-B088-3A5042F75D52}") = "2", "2.pyproj", "{896ADCF1-E8DA-4CF4-AAA4-ADB3AA38DCF6}"
EndProject
Global
	GlobalSection(SolutionConfigurationPlatforms) = preSolution
		Debug|Any CPU = Debug|Any CPU
		Release|Any CPU = Release|Any CPU
	EndGlobalSection
	GlobalSection(ProjectConfigurationPlatforms) = postSolution
		{896ADCF1-E8DA-4CF4-AAA4-ADB3AA38DCF6}.Debug|Any CPU.ActiveCfg = Debug|Any CPU
		{896ADCF1-E8DA-4CF4-AAA4-ADB3AA38DCF6}.Release|Any CPU.ActiveCfg = Release|Any CPU
	EndGlobalSection
	GlobalSection(SolutionProperties) = preSolution
		HideSolutionNode = FALSE
	EndGlobalSection
	GlobalSection(ExtensibilityGlobals) = postSolution
		SolutionGuid = {A043A475-F388-409A-A2FC-CAA71CCE1BC8}
	EndGlobalSection
EndGlobal
